
Microsoft Visual Studio Solution File, Format Version 12.00
# Visual Studio Version 17
VisualStudioVersion = 17.13.35931.197 d17.13
MinimumVisualStudioVersion = 10.0.40219.1
Project("{FAE04EC0-301F-11D3-BF4B-00C04F79EFBC}") = "WindowsFormsApp1", "WindowsFormsApp1\WindowsFormsApp1.csproj", "{0FA0D31E-E847-4B1B-85A6-3545C3B9DDC6}"
EndProject
Global
	GlobalSection(SolutionConfigurationPlatforms) = preSolution
		Debug|Any CPU = Debug|Any CPU
		Release|Any CPU = Release|Any CPU
	EndGlobalSection
	GlobalSection(ProjectConfigurationPlatforms) = postSolution
		{0FA0D31E-E847-4B1B-85A6-3545C3B9DDC6}.Debug|Any CPU.ActiveCfg = Debug|Any CPU
		{0FA0D31E-E847-4B1B-85A6-3545C3B9DDC6}.Debug|Any CPU.Build.0 = Debug|Any CPU
		{0FA0D31E-E847-4B1B-85A6-3545C3B9DDC6}.Release|Any CPU.ActiveCfg = Release|Any CPU
		{0FA0D31E-E847-4B1B-85A6-3545C3B9DDC6}.Release|Any CPU.Build.0 = Release|Any CPU
	EndGlobalSection
	GlobalSection(SolutionProperties) = preSolution
		HideSolutionNode = FALSE
	EndGlobalSection
	GlobalSection(ExtensibilityGlobals) = postSolution
		SolutionGuid = {FB531A4D-8422-4A75-9020-58746635E477}
	EndGlobalSection
EndGlobal
